// !$*UTF8*$!
{
	archiveVersion = 1;
	classes = {
	};
	objectVersion = 56;
	objects = {

/* Begin PBXBuildFile section */
		A62475B12B7EBBD1002731F4 /* PokemonRowView.swift in Sources */ = {isa = PBXBuildFile; fileRef = A62475B02B7EBBD1002731F4 /* PokemonRowView.swift */; };
		A62475B32B7EECC6002731F4 /* PokemonTypes.swift in Sources */ = {isa = PBXBuildFile; fileRef = A62475B22B7EECC6002731F4 /* PokemonTypes.swift */; };
		A62475B52B7EEE9A002731F4 /* Carrousel.swift in Sources */ = {isa = PBXBuildFile; fileRef = A62475B42B7EEE9A002731F4 /* Carrousel.swift */; };
		A62475B72B7EFF9F002731F4 /* PokemonTypesCollection.swift in Sources */ = {isa = PBXBuildFile; fileRef = A62475B62B7EFF9F002731F4 /* PokemonTypesCollection.swift */; };
		A62475BB2B7F061A002731F4 /* Color+Pokedex.swift in Sources */ = {isa = PBXBuildFile; fileRef = A62475BA2B7F061A002731F4 /* Color+Pokedex.swift */; };
		A65F19B22B7D4AC0007BBE8B /* UserDefaults+Pokedex.swift in Sources */ = {isa = PBXBuildFile; fileRef = A65F19B12B7D4AC0007BBE8B /* UserDefaults+Pokedex.swift */; };
		A65F19B42B7D4B1C007BBE8B /* ApiEncoder.swift in Sources */ = {isa = PBXBuildFile; fileRef = A65F19B32B7D4B1C007BBE8B /* ApiEncoder.swift */; };
		A65F19B62B7D4B75007BBE8B /* CustomCodingKeys.swift in Sources */ = {isa = PBXBuildFile; fileRef = A65F19B52B7D4B75007BBE8B /* CustomCodingKeys.swift */; };
		A6B768842B7E916200DA03C6 /* Swagger.ttf in Resources */ = {isa = PBXBuildFile; fileRef = A6B768832B7E910200DA03C6 /* Swagger.ttf */; };
		A6B768852B7E916900DA03C6 /* SwaggerBold.ttf in Resources */ = {isa = PBXBuildFile; fileRef = A6B768822B7E910100DA03C6 /* SwaggerBold.ttf */; };
		A6B768862B7E916B00DA03C6 /* SwaggerLight.ttf in Resources */ = {isa = PBXBuildFile; fileRef = A6B768812B7E90FF00DA03C6 /* SwaggerLight.ttf */; };
		A6B768882B7E9CB800DA03C6 /* Localizable.strings in Resources */ = {isa = PBXBuildFile; fileRef = A6B768872B7E9CB800DA03C6 /* Localizable.strings */; };
		A6B7688B2B7E9D4500DA03C6 /* Localized.swift in Sources */ = {isa = PBXBuildFile; fileRef = A6B7688A2B7E9D4500DA03C6 /* Localized.swift */; };
		A6B7783B2B7FA6AB00907E49 /* PokemonInfoRow.swift in Sources */ = {isa = PBXBuildFile; fileRef = A6B7783A2B7FA6AB00907E49 /* PokemonInfoRow.swift */; };
		A6B7783D2B7FACE900907E49 /* StatView.swift in Sources */ = {isa = PBXBuildFile; fileRef = A6B7783C2B7FACE900907E49 /* StatView.swift */; };
		A6B7783F2B7FB23400907E49 /* StatsViewGroup.swift in Sources */ = {isa = PBXBuildFile; fileRef = A6B7783E2B7FB23400907E49 /* StatsViewGroup.swift */; };
		A6B778422B7FB70500907E49 /* Utils.swift in Sources */ = {isa = PBXBuildFile; fileRef = A6B778412B7FB70500907E49 /* Utils.swift */; };
		A6B778442B7FC1C400907E49 /* PokemonAdditionalInfoView.swift in Sources */ = {isa = PBXBuildFile; fileRef = A6B778432B7FC1C400907E49 /* PokemonAdditionalInfoView.swift */; };
		A6B947652B8181EC00BC788E /* MockPokemonApiClient.swift in Sources */ = {isa = PBXBuildFile; fileRef = A6B947642B8181EC00BC788E /* MockPokemonApiClient.swift */; };
		A6B947682B8182FD00BC788E /* ApiClientProtocol.swift in Sources */ = {isa = PBXBuildFile; fileRef = A6B947672B8182FD00BC788E /* ApiClientProtocol.swift */; };
		A6B9476A2B81835B00BC788E /* PokemonApiClient.swift in Sources */ = {isa = PBXBuildFile; fileRef = A6B947692B81835B00BC788E /* PokemonApiClient.swift */; };
		A6B966232B7CFDE1005E30FB /* PokedexApp.swift in Sources */ = {isa = PBXBuildFile; fileRef = A6B966222B7CFDE1005E30FB /* PokedexApp.swift */; };
		A6B966272B7CFDE1005E30FB /* Assets.xcassets in Resources */ = {isa = PBXBuildFile; fileRef = A6B966262B7CFDE1005E30FB /* Assets.xcassets */; };
		A6B9662A2B7CFDE1005E30FB /* Preview Assets.xcassets in Resources */ = {isa = PBXBuildFile; fileRef = A6B966292B7CFDE1005E30FB /* Preview Assets.xcassets */; };
		A6B9665B2B7D03B9005E30FB /* Sprites.swift in Sources */ = {isa = PBXBuildFile; fileRef = A6B9664E2B7D03B9005E30FB /* Sprites.swift */; };
		A6B9665C2B7D03B9005E30FB /* PokemonType.swift in Sources */ = {isa = PBXBuildFile; fileRef = A6B9664F2B7D03B9005E30FB /* PokemonType.swift */; };
		A6B9665D2B7D03B9005E30FB /* AbilityListItem.swift in Sources */ = {isa = PBXBuildFile; fileRef = A6B966502B7D03B9005E30FB /* AbilityListItem.swift */; };
		A6B9665E2B7D03B9005E30FB /* Ability.swift in Sources */ = {isa = PBXBuildFile; fileRef = A6B966512B7D03B9005E30FB /* Ability.swift */; };
		A6B9665F2B7D03B9005E30FB /* PokemonTypeListItem.swift in Sources */ = {isa = PBXBuildFile; fileRef = A6B966522B7D03B9005E30FB /* PokemonTypeListItem.swift */; };
		A6B966602B7D03B9005E30FB /* PokemonListItem.swift in Sources */ = {isa = PBXBuildFile; fileRef = A6B966532B7D03B9005E30FB /* PokemonListItem.swift */; };
		A6B966612B7D03B9005E30FB /* OtherSprites.swift in Sources */ = {isa = PBXBuildFile; fileRef = A6B966542B7D03B9005E30FB /* OtherSprites.swift */; };
		A6B966622B7D03B9005E30FB /* StatDetail.swift in Sources */ = {isa = PBXBuildFile; fileRef = A6B966552B7D03B9005E30FB /* StatDetail.swift */; };
		A6B966632B7D03B9005E30FB /* PokemonDetail.swift in Sources */ = {isa = PBXBuildFile; fileRef = A6B966562B7D03B9005E30FB /* PokemonDetail.swift */; };
		A6B966642B7D03B9005E30FB /* SpritGroup.swift in Sources */ = {isa = PBXBuildFile; fileRef = A6B966572B7D03B9005E30FB /* SpritGroup.swift */; };
		A6B966652B7D03B9005E30FB /* Species.swift in Sources */ = {isa = PBXBuildFile; fileRef = A6B966582B7D03B9005E30FB /* Species.swift */; };
		A6B966662B7D03B9005E30FB /* Stat.swift in Sources */ = {isa = PBXBuildFile; fileRef = A6B966592B7D03B9005E30FB /* Stat.swift */; };
		A6B966672B7D03B9005E30FB /* PokemonListResponse.swift in Sources */ = {isa = PBXBuildFile; fileRef = A6B9665A2B7D03B9005E30FB /* PokemonListResponse.swift */; };
		A6B9666A2B7D04FC005E30FB /* HomeScreen.swift in Sources */ = {isa = PBXBuildFile; fileRef = A6B966692B7D04FC005E30FB /* HomeScreen.swift */; };
		A6B9666D2B7D0515005E30FB /* ScreenRouter.swift in Sources */ = {isa = PBXBuildFile; fileRef = A6B9666C2B7D0515005E30FB /* ScreenRouter.swift */; };
		A6B966702B7D059A005E30FB /* SavedPokemonsScreen.swift in Sources */ = {isa = PBXBuildFile; fileRef = A6B9666E2B7D059A005E30FB /* SavedPokemonsScreen.swift */; };
		A6B966712B7D059A005E30FB /* SearchPokemonScreen.swift in Sources */ = {isa = PBXBuildFile; fileRef = A6B9666F2B7D059A005E30FB /* SearchPokemonScreen.swift */; };
		A6B966732B7D0606005E30FB /* PokemonDetailScreen.swift in Sources */ = {isa = PBXBuildFile; fileRef = A6B966722B7D0605005E30FB /* PokemonDetailScreen.swift */; };
		A6B966762B7D08D1005E30FB /* SearchPokemonsViewModel.swift in Sources */ = {isa = PBXBuildFile; fileRef = A6B966752B7D08D1005E30FB /* SearchPokemonsViewModel.swift */; };
		A6B966792B7D08FB005E30FB /* Constants.swift in Sources */ = {isa = PBXBuildFile; fileRef = A6B966782B7D08FB005E30FB /* Constants.swift */; };
		A6B9667C2B7D099C005E30FB /* ApiDecoder.swift in Sources */ = {isa = PBXBuildFile; fileRef = A6B9667B2B7D099C005E30FB /* ApiDecoder.swift */; };
		A6B9667E2B7D0B8F005E30FB /* PokemonDetailViewModel.swift in Sources */ = {isa = PBXBuildFile; fileRef = A6B9667D2B7D0B8F005E30FB /* PokemonDetailViewModel.swift */; };
		A6B966812B7D0D66005E30FB /* AsyncImageView.swift in Sources */ = {isa = PBXBuildFile; fileRef = A6B966802B7D0D66005E30FB /* AsyncImageView.swift */; };
		A6B966842B7D0D76005E30FB /* ImageLoader.swift in Sources */ = {isa = PBXBuildFile; fileRef = A6B966832B7D0D76005E30FB /* ImageLoader.swift */; };
		A6B966942B7D3AA9005E30FB /* SavedPokemon.swift in Sources */ = {isa = PBXBuildFile; fileRef = A6B966932B7D3AA9005E30FB /* SavedPokemon.swift */; };
		A6B966972B7D3C57005E30FB /* App.swift in Sources */ = {isa = PBXBuildFile; fileRef = A6B966962B7D3C57005E30FB /* App.swift */; };
		A6B9AFED2B7FEE6C0054C021 /* SavedPokemonRow.swift in Sources */ = {isa = PBXBuildFile; fileRef = A6B9AFEC2B7FEE6C0054C021 /* SavedPokemonRow.swift */; };
		A6B9AFEF2B7FFD3E0054C021 /* View+Pokedex.swift in Sources */ = {isa = PBXBuildFile; fileRef = A6B9AFEE2B7FFD3E0054C021 /* View+Pokedex.swift */; };
		A6B9AFF12B8012C70054C021 /* BackButton.swift in Sources */ = {isa = PBXBuildFile; fileRef = A6B9AFF02B8012C70054C021 /* BackButton.swift */; };
		A6D5B3F72B80351400FB41EF /* EmptyState.swift in Sources */ = {isa = PBXBuildFile; fileRef = A6D5B3F62B80351400FB41EF /* EmptyState.swift */; };
		A6D5B3F92B8055B100FB41EF /* ErrorAlert.swift in Sources */ = {isa = PBXBuildFile; fileRef = A6D5B3F82B8055B100FB41EF /* ErrorAlert.swift */; };
		A6D5B3FB2B8058EB00FB41EF /* ErrorHandler.swift in Sources */ = {isa = PBXBuildFile; fileRef = A6D5B3FA2B8058EB00FB41EF /* ErrorHandler.swift */; };
		A6D5B4032B8067A500FB41EF /* Pokedex_Tests.swift in Sources */ = {isa = PBXBuildFile; fileRef = A6D5B4022B8067A500FB41EF /* Pokedex_Tests.swift */; };
/* End PBXBuildFile section */

/* Begin PBXContainerItemProxy section */
		A6D5B4042B8067A500FB41EF /* PBXContainerItemProxy */ = {
			isa = PBXContainerItemProxy;
			containerPortal = A6B966172B7CFDE1005E30FB /* Project object */;
			proxyType = 1;
			remoteGlobalIDString = A6B9661E2B7CFDE1005E30FB;
			remoteInfo = Pokedex;
		};
/* End PBXContainerItemProxy section */

/* Begin PBXFileReference section */
		A62475B02B7EBBD1002731F4 /* PokemonRowView.swift */ = {isa = PBXFileReference; lastKnownFileType = sourcecode.swift; name = PokemonRowView.swift; path = pokedex/Components/PokemonRowView.swift; sourceTree = SOURCE_ROOT; };
		A62475B22B7EECC6002731F4 /* PokemonTypes.swift */ = {isa = PBXFileReference; lastKnownFileType = sourcecode.swift; name = PokemonTypes.swift; path = "pokedex/Data models/PokemonTypes.swift"; sourceTree = SOURCE_ROOT; };
		A62475B42B7EEE9A002731F4 /* Carrousel.swift */ = {isa = PBXFileReference; lastKnownFileType = sourcecode.swift; name = Carrousel.swift; path = pokedex/Components/Carrousel.swift; sourceTree = SOURCE_ROOT; };
		A62475B62B7EFF9F002731F4 /* PokemonTypesCollection.swift */ = {isa = PBXFileReference; lastKnownFileType = sourcecode.swift; name = PokemonTypesCollection.swift; path = pokedex/Components/PokemonTypesCollection.swift; sourceTree = SOURCE_ROOT; };
		A62475BA2B7F061A002731F4 /* Color+Pokedex.swift */ = {isa = PBXFileReference; lastKnownFileType = sourcecode.swift; name = "Color+Pokedex.swift"; path = "pokedex/Extensions/Color+Pokedex.swift"; sourceTree = SOURCE_ROOT; };
		A65F19B12B7D4AC0007BBE8B /* UserDefaults+Pokedex.swift */ = {isa = PBXFileReference; lastKnownFileType = sourcecode.swift; name = "UserDefaults+Pokedex.swift"; path = "pokedex/Extensions/UserDefaults+Pokedex.swift"; sourceTree = SOURCE_ROOT; };
		A65F19B32B7D4B1C007BBE8B /* ApiEncoder.swift */ = {isa = PBXFileReference; lastKnownFileType = sourcecode.swift; name = ApiEncoder.swift; path = pokedex/Coding/ApiEncoder.swift; sourceTree = SOURCE_ROOT; };
		A65F19B52B7D4B75007BBE8B /* CustomCodingKeys.swift */ = {isa = PBXFileReference; lastKnownFileType = sourcecode.swift; name = CustomCodingKeys.swift; path = pokedex/Coding/CustomCodingKeys.swift; sourceTree = SOURCE_ROOT; };
		A6B768812B7E90FF00DA03C6 /* SwaggerLight.ttf */ = {isa = PBXFileReference; lastKnownFileType = file; path = SwaggerLight.ttf; sourceTree = "<group>"; };
		A6B768822B7E910100DA03C6 /* SwaggerBold.ttf */ = {isa = PBXFileReference; lastKnownFileType = file; path = SwaggerBold.ttf; sourceTree = "<group>"; };
		A6B768832B7E910200DA03C6 /* Swagger.ttf */ = {isa = PBXFileReference; lastKnownFileType = file; path = Swagger.ttf; sourceTree = "<group>"; };
		A6B768872B7E9CB800DA03C6 /* Localizable.strings */ = {isa = PBXFileReference; lastKnownFileType = text.plist.strings; name = Localizable.strings; path = Pokedex/Localized/Localizable.strings; sourceTree = SOURCE_ROOT; };
		A6B7688A2B7E9D4500DA03C6 /* Localized.swift */ = {isa = PBXFileReference; lastKnownFileType = sourcecode.swift; name = Localized.swift; path = pokedex/Localized/Localized.swift; sourceTree = SOURCE_ROOT; };
		A6B7783A2B7FA6AB00907E49 /* PokemonInfoRow.swift */ = {isa = PBXFileReference; lastKnownFileType = sourcecode.swift; name = PokemonInfoRow.swift; path = pokedex/Components/PokemonInfoRow.swift; sourceTree = SOURCE_ROOT; };
		A6B7783C2B7FACE900907E49 /* StatView.swift */ = {isa = PBXFileReference; lastKnownFileType = sourcecode.swift; name = StatView.swift; path = pokedex/Components/StatView.swift; sourceTree = SOURCE_ROOT; };
		A6B7783E2B7FB23400907E49 /* StatsViewGroup.swift */ = {isa = PBXFileReference; lastKnownFileType = sourcecode.swift; name = StatsViewGroup.swift; path = pokedex/Components/StatsViewGroup.swift; sourceTree = SOURCE_ROOT; };
		A6B778412B7FB70500907E49 /* Utils.swift */ = {isa = PBXFileReference; lastKnownFileType = sourcecode.swift; name = Utils.swift; path = pokedex/Utils/Utils.swift; sourceTree = SOURCE_ROOT; };
		A6B778432B7FC1C400907E49 /* PokemonAdditionalInfoView.swift */ = {isa = PBXFileReference; lastKnownFileType = sourcecode.swift; name = PokemonAdditionalInfoView.swift; path = pokedex/Components/PokemonAdditionalInfoView.swift; sourceTree = SOURCE_ROOT; };
		A6B947642B8181EC00BC788E /* MockPokemonApiClient.swift */ = {isa = PBXFileReference; lastKnownFileType = sourcecode.swift; path = MockPokemonApiClient.swift; sourceTree = "<group>"; };
		A6B947672B8182FD00BC788E /* ApiClientProtocol.swift */ = {isa = PBXFileReference; lastKnownFileType = sourcecode.swift; name = ApiClientProtocol.swift; path = pokedex/Network/ApiClient/ApiClientProtocol.swift; sourceTree = SOURCE_ROOT; };
		A6B947692B81835B00BC788E /* PokemonApiClient.swift */ = {isa = PBXFileReference; lastKnownFileType = sourcecode.swift; name = PokemonApiClient.swift; path = pokedex/Network/ApiClient/PokemonApiClient.swift; sourceTree = SOURCE_ROOT; };
		A6B9661F2B7CFDE1005E30FB /* Pokedex.app */ = {isa = PBXFileReference; explicitFileType = wrapper.application; includeInIndex = 0; path = Pokedex.app; sourceTree = BUILT_PRODUCTS_DIR; };
		A6B966222B7CFDE1005E30FB /* PokedexApp.swift */ = {isa = PBXFileReference; lastKnownFileType = sourcecode.swift; path = PokedexApp.swift; sourceTree = "<group>"; };
		A6B966262B7CFDE1005E30FB /* Assets.xcassets */ = {isa = PBXFileReference; lastKnownFileType = folder.assetcatalog; path = Assets.xcassets; sourceTree = "<group>"; };
		A6B966292B7CFDE1005E30FB /* Preview Assets.xcassets */ = {isa = PBXFileReference; lastKnownFileType = folder.assetcatalog; path = "Preview Assets.xcassets"; sourceTree = "<group>"; };
		A6B9664E2B7D03B9005E30FB /* Sprites.swift */ = {isa = PBXFileReference; fileEncoding = 4; lastKnownFileType = sourcecode.swift; path = Sprites.swift; sourceTree = "<group>"; };
		A6B9664F2B7D03B9005E30FB /* PokemonType.swift */ = {isa = PBXFileReference; fileEncoding = 4; lastKnownFileType = sourcecode.swift; path = PokemonType.swift; sourceTree = "<group>"; };
		A6B966502B7D03B9005E30FB /* AbilityListItem.swift */ = {isa = PBXFileReference; fileEncoding = 4; lastKnownFileType = sourcecode.swift; path = AbilityListItem.swift; sourceTree = "<group>"; };
		A6B966512B7D03B9005E30FB /* Ability.swift */ = {isa = PBXFileReference; fileEncoding = 4; lastKnownFileType = sourcecode.swift; path = Ability.swift; sourceTree = "<group>"; };
		A6B966522B7D03B9005E30FB /* PokemonTypeListItem.swift */ = {isa = PBXFileReference; fileEncoding = 4; lastKnownFileType = sourcecode.swift; path = PokemonTypeListItem.swift; sourceTree = "<group>"; };
		A6B966532B7D03B9005E30FB /* PokemonListItem.swift */ = {isa = PBXFileReference; fileEncoding = 4; lastKnownFileType = sourcecode.swift; path = PokemonListItem.swift; sourceTree = "<group>"; };
		A6B966542B7D03B9005E30FB /* OtherSprites.swift */ = {isa = PBXFileReference; fileEncoding = 4; lastKnownFileType = sourcecode.swift; path = OtherSprites.swift; sourceTree = "<group>"; };
		A6B966552B7D03B9005E30FB /* StatDetail.swift */ = {isa = PBXFileReference; fileEncoding = 4; lastKnownFileType = sourcecode.swift; path = "\U0010StatDetail.swift"; sourceTree = "<group>"; };
		A6B966562B7D03B9005E30FB /* PokemonDetail.swift */ = {isa = PBXFileReference; fileEncoding = 4; lastKnownFileType = sourcecode.swift; path = PokemonDetail.swift; sourceTree = "<group>"; };
		A6B966572B7D03B9005E30FB /* SpritGroup.swift */ = {isa = PBXFileReference; fileEncoding = 4; lastKnownFileType = sourcecode.swift; path = SpritGroup.swift; sourceTree = "<group>"; };
		A6B966582B7D03B9005E30FB /* Species.swift */ = {isa = PBXFileReference; fileEncoding = 4; lastKnownFileType = sourcecode.swift; path = Species.swift; sourceTree = "<group>"; };
		A6B966592B7D03B9005E30FB /* Stat.swift */ = {isa = PBXFileReference; fileEncoding = 4; lastKnownFileType = sourcecode.swift; path = Stat.swift; sourceTree = "<group>"; };
		A6B9665A2B7D03B9005E30FB /* PokemonListResponse.swift */ = {isa = PBXFileReference; fileEncoding = 4; lastKnownFileType = sourcecode.swift; path = PokemonListResponse.swift; sourceTree = "<group>"; };
		A6B966692B7D04FC005E30FB /* HomeScreen.swift */ = {isa = PBXFileReference; fileEncoding = 4; lastKnownFileType = sourcecode.swift; path = HomeScreen.swift; sourceTree = "<group>"; };
		A6B9666C2B7D0515005E30FB /* ScreenRouter.swift */ = {isa = PBXFileReference; fileEncoding = 4; lastKnownFileType = sourcecode.swift; path = ScreenRouter.swift; sourceTree = "<group>"; };
		A6B9666E2B7D059A005E30FB /* SavedPokemonsScreen.swift */ = {isa = PBXFileReference; fileEncoding = 4; lastKnownFileType = sourcecode.swift; path = SavedPokemonsScreen.swift; sourceTree = "<group>"; };
		A6B9666F2B7D059A005E30FB /* SearchPokemonScreen.swift */ = {isa = PBXFileReference; fileEncoding = 4; lastKnownFileType = sourcecode.swift; path = SearchPokemonScreen.swift; sourceTree = "<group>"; };
		A6B966722B7D0605005E30FB /* PokemonDetailScreen.swift */ = {isa = PBXFileReference; fileEncoding = 4; lastKnownFileType = sourcecode.swift; path = PokemonDetailScreen.swift; sourceTree = "<group>"; };
		A6B966752B7D08D1005E30FB /* SearchPokemonsViewModel.swift */ = {isa = PBXFileReference; fileEncoding = 4; lastKnownFileType = sourcecode.swift; path = SearchPokemonsViewModel.swift; sourceTree = "<group>"; };
		A6B966782B7D08FB005E30FB /* Constants.swift */ = {isa = PBXFileReference; fileEncoding = 4; lastKnownFileType = sourcecode.swift; path = Constants.swift; sourceTree = "<group>"; };
		A6B9667B2B7D099C005E30FB /* ApiDecoder.swift */ = {isa = PBXFileReference; fileEncoding = 4; lastKnownFileType = sourcecode.swift; path = ApiDecoder.swift; sourceTree = "<group>"; };
		A6B9667D2B7D0B8F005E30FB /* PokemonDetailViewModel.swift */ = {isa = PBXFileReference; fileEncoding = 4; lastKnownFileType = sourcecode.swift; path = PokemonDetailViewModel.swift; sourceTree = "<group>"; };
		A6B966802B7D0D66005E30FB /* AsyncImageView.swift */ = {isa = PBXFileReference; fileEncoding = 4; lastKnownFileType = sourcecode.swift; path = AsyncImageView.swift; sourceTree = "<group>"; };
		A6B966832B7D0D76005E30FB /* ImageLoader.swift */ = {isa = PBXFileReference; fileEncoding = 4; lastKnownFileType = sourcecode.swift; path = ImageLoader.swift; sourceTree = "<group>"; };
		A6B966932B7D3AA9005E30FB /* SavedPokemon.swift */ = {isa = PBXFileReference; lastKnownFileType = sourcecode.swift; name = SavedPokemon.swift; path = "pokedex/Data models/SavedPokemon.swift"; sourceTree = SOURCE_ROOT; };
		A6B966962B7D3C57005E30FB /* App.swift */ = {isa = PBXFileReference; lastKnownFileType = sourcecode.swift; name = App.swift; path = pokedex/Managers/App.swift; sourceTree = SOURCE_ROOT; };
		A6B9AFEC2B7FEE6C0054C021 /* SavedPokemonRow.swift */ = {isa = PBXFileReference; lastKnownFileType = sourcecode.swift; name = SavedPokemonRow.swift; path = pokedex/Components/SavedPokemonRow.swift; sourceTree = SOURCE_ROOT; };
		A6B9AFEE2B7FFD3E0054C021 /* View+Pokedex.swift */ = {isa = PBXFileReference; lastKnownFileType = sourcecode.swift; name = "View+Pokedex.swift"; path = "pokedex/Extensions/View+Pokedex.swift"; sourceTree = SOURCE_ROOT; };
		A6B9AFF02B8012C70054C021 /* BackButton.swift */ = {isa = PBXFileReference; lastKnownFileType = sourcecode.swift; name = BackButton.swift; path = pokedex/Components/BackButton.swift; sourceTree = SOURCE_ROOT; };
		A6D5B3F62B80351400FB41EF /* EmptyState.swift */ = {isa = PBXFileReference; lastKnownFileType = sourcecode.swift; name = EmptyState.swift; path = pokedex/Components/EmptyState.swift; sourceTree = SOURCE_ROOT; };
		A6D5B3F82B8055B100FB41EF /* ErrorAlert.swift */ = {isa = PBXFileReference; lastKnownFileType = sourcecode.swift; name = ErrorAlert.swift; path = pokedex/Components/ErrorAlert.swift; sourceTree = SOURCE_ROOT; };
		A6D5B3FA2B8058EB00FB41EF /* ErrorHandler.swift */ = {isa = PBXFileReference; lastKnownFileType = sourcecode.swift; name = ErrorHandler.swift; path = Pokedex/Network/ErrorHandler.swift; sourceTree = SOURCE_ROOT; };
		A6D5B4002B8067A500FB41EF /* Pokedex_Tests.xctest */ = {isa = PBXFileReference; explicitFileType = wrapper.cfbundle; includeInIndex = 0; path = Pokedex_Tests.xctest; sourceTree = BUILT_PRODUCTS_DIR; };
		A6D5B4022B8067A500FB41EF /* Pokedex_Tests.swift */ = {isa = PBXFileReference; lastKnownFileType = sourcecode.swift; path = Pokedex_Tests.swift; sourceTree = "<group>"; };
		A6DE48B12B7E858E00F26670 /* Info.plist */ = {isa = PBXFileReference; lastKnownFileType = text.plist.xml; path = Info.plist; sourceTree = "<group>"; };
/* End PBXFileReference section */

/* Begin PBXFrameworksBuildPhase section */
		A6B9661C2B7CFDE1005E30FB /* Frameworks */ = {
			isa = PBXFrameworksBuildPhase;
			buildActionMask = 2147483647;
			files = (
			);
			runOnlyForDeploymentPostprocessing = 0;
		};
		A6D5B3FD2B8067A500FB41EF /* Frameworks */ = {
			isa = PBXFrameworksBuildPhase;
			buildActionMask = 2147483647;
			files = (
			);
			runOnlyForDeploymentPostprocessing = 0;
		};
/* End PBXFrameworksBuildPhase section */

/* Begin PBXGroup section */
		A65F19B02B7D4AA4007BBE8B /* Extensions */ = {
			isa = PBXGroup;
			children = (
				A65F19B12B7D4AC0007BBE8B /* UserDefaults+Pokedex.swift */,
				A62475BA2B7F061A002731F4 /* Color+Pokedex.swift */,
				A6B9AFEE2B7FFD3E0054C021 /* View+Pokedex.swift */,
			);
			path = Extensions;
			sourceTree = "<group>";
		};
		A6B768892B7E9D1600DA03C6 /* Localized */ = {
			isa = PBXGroup;
			children = (
				A6B768872B7E9CB800DA03C6 /* Localizable.strings */,
				A6B7688A2B7E9D4500DA03C6 /* Localized.swift */,
			);
			path = Localized;
			sourceTree = "<group>";
		};
		A6B778402B7FB6F500907E49 /* Utils */ = {
			isa = PBXGroup;
			children = (
				A6B778412B7FB70500907E49 /* Utils.swift */,
			);
			path = Utils;
			sourceTree = "<group>";
		};
		A6B947662B8182E700BC788E /* ApiClient */ = {
			isa = PBXGroup;
			children = (
				A6B947672B8182FD00BC788E /* ApiClientProtocol.swift */,
				A6B947692B81835B00BC788E /* PokemonApiClient.swift */,
			);
			path = ApiClient;
			sourceTree = "<group>";
		};
		A6B966162B7CFDE1005E30FB = {
			isa = PBXGroup;
			children = (
				A6B966212B7CFDE1005E30FB /* Pokedex */,
				A6D5B4012B8067A500FB41EF /* Pokedex_Tests */,
				A6B966202B7CFDE1005E30FB /* Products */,
			);
			sourceTree = "<group>";
		};
		A6B966202B7CFDE1005E30FB /* Products */ = {
			isa = PBXGroup;
			children = (
				A6B9661F2B7CFDE1005E30FB /* Pokedex.app */,
				A6D5B4002B8067A500FB41EF /* Pokedex_Tests.xctest */,
			);
			name = Products;
			sourceTree = "<group>";
		};
		A6B966212B7CFDE1005E30FB /* Pokedex */ = {
			isa = PBXGroup;
			children = (
				A6DE48B12B7E858E00F26670 /* Info.plist */,
				A6B778402B7FB6F500907E49 /* Utils */,
				A6B768892B7E9D1600DA03C6 /* Localized */,
				A6DE48AD2B7E850700F26670 /* Resources */,
				A65F19B02B7D4AA4007BBE8B /* Extensions */,
				A6B966952B7D3C2C005E30FB /* Managers */,
				A6B966922B7D3A83005E30FB /* Data models */,
				A6B9667F2B7D0D66005E30FB /* Components */,
				A6B966822B7D0D76005E30FB /* Network */,
				A6B9667A2B7D099C005E30FB /* Coding */,
				A6B966772B7D08FB005E30FB /* Constants */,
				A6B966742B7D08C1005E30FB /* ViewModels */,
				A6B9666B2B7D0515005E30FB /* Navigation */,
				A6B966682B7D04C2005E30FB /* Screens */,
				A6B9664D2B7D03B9005E30FB /* Models */,
				A6B966222B7CFDE1005E30FB /* PokedexApp.swift */,
				A6B966282B7CFDE1005E30FB /* Preview Content */,
			);
			path = Pokedex;
			sourceTree = "<group>";
		};
		A6B966282B7CFDE1005E30FB /* Preview Content */ = {
			isa = PBXGroup;
			children = (
				A6B966292B7CFDE1005E30FB /* Preview Assets.xcassets */,
			);
			path = "Preview Content";
			sourceTree = "<group>";
		};
		A6B9664D2B7D03B9005E30FB /* Models */ = {
			isa = PBXGroup;
			children = (
				A6B9664E2B7D03B9005E30FB /* Sprites.swift */,
				A6B9664F2B7D03B9005E30FB /* PokemonType.swift */,
				A6B966502B7D03B9005E30FB /* AbilityListItem.swift */,
				A6B966512B7D03B9005E30FB /* Ability.swift */,
				A6B966522B7D03B9005E30FB /* PokemonTypeListItem.swift */,
				A6B966532B7D03B9005E30FB /* PokemonListItem.swift */,
				A6B966542B7D03B9005E30FB /* OtherSprites.swift */,
				A6B966552B7D03B9005E30FB /* StatDetail.swift */,
				A6B966562B7D03B9005E30FB /* PokemonDetail.swift */,
				A6B966572B7D03B9005E30FB /* SpritGroup.swift */,
				A6B966582B7D03B9005E30FB /* Species.swift */,
				A6B966592B7D03B9005E30FB /* Stat.swift */,
				A6B9665A2B7D03B9005E30FB /* PokemonListResponse.swift */,
			);
			path = Models;
			sourceTree = "<group>";
		};
		A6B966682B7D04C2005E30FB /* Screens */ = {
			isa = PBXGroup;
			children = (
				A6B966722B7D0605005E30FB /* PokemonDetailScreen.swift */,
				A6B9666E2B7D059A005E30FB /* SavedPokemonsScreen.swift */,
				A6B9666F2B7D059A005E30FB /* SearchPokemonScreen.swift */,
				A6B966692B7D04FC005E30FB /* HomeScreen.swift */,
			);
			path = Screens;
			sourceTree = "<group>";
		};
		A6B9666B2B7D0515005E30FB /* Navigation */ = {
			isa = PBXGroup;
			children = (
				A6B9666C2B7D0515005E30FB /* ScreenRouter.swift */,
			);
			path = Navigation;
			sourceTree = "<group>";
		};
		A6B966742B7D08C1005E30FB /* ViewModels */ = {
			isa = PBXGroup;
			children = (
				A6B9667D2B7D0B8F005E30FB /* PokemonDetailViewModel.swift */,
				A6B966752B7D08D1005E30FB /* SearchPokemonsViewModel.swift */,
			);
			path = ViewModels;
			sourceTree = "<group>";
		};
		A6B966772B7D08FB005E30FB /* Constants */ = {
			isa = PBXGroup;
			children = (
				A6B966782B7D08FB005E30FB /* Constants.swift */,
			);
			path = Constants;
			sourceTree = "<group>";
		};
		A6B9667A2B7D099C005E30FB /* Coding */ = {
			isa = PBXGroup;
			children = (
				A6B9667B2B7D099C005E30FB /* ApiDecoder.swift */,
				A65F19B32B7D4B1C007BBE8B /* ApiEncoder.swift */,
				A65F19B52B7D4B75007BBE8B /* CustomCodingKeys.swift */,
			);
			path = Coding;
			sourceTree = "<group>";
		};
		A6B9667F2B7D0D66005E30FB /* Components */ = {
			isa = PBXGroup;
			children = (
				A6B966802B7D0D66005E30FB /* AsyncImageView.swift */,
				A62475B02B7EBBD1002731F4 /* PokemonRowView.swift */,
				A62475B42B7EEE9A002731F4 /* Carrousel.swift */,
				A62475B62B7EFF9F002731F4 /* PokemonTypesCollection.swift */,
				A6B7783A2B7FA6AB00907E49 /* PokemonInfoRow.swift */,
				A6B7783C2B7FACE900907E49 /* StatView.swift */,
				A6B7783E2B7FB23400907E49 /* StatsViewGroup.swift */,
				A6B778432B7FC1C400907E49 /* PokemonAdditionalInfoView.swift */,
				A6B9AFEC2B7FEE6C0054C021 /* SavedPokemonRow.swift */,
				A6B9AFF02B8012C70054C021 /* BackButton.swift */,
				A6D5B3F62B80351400FB41EF /* EmptyState.swift */,
				A6D5B3F82B8055B100FB41EF /* ErrorAlert.swift */,
			);
			path = Components;
			sourceTree = "<group>";
		};
		A6B966822B7D0D76005E30FB /* Network */ = {
			isa = PBXGroup;
			children = (
				A6B947662B8182E700BC788E /* ApiClient */,
				A6B966832B7D0D76005E30FB /* ImageLoader.swift */,
				A6D5B3FA2B8058EB00FB41EF /* ErrorHandler.swift */,
			);
			path = Network;
			sourceTree = "<group>";
		};
		A6B966922B7D3A83005E30FB /* Data models */ = {
			isa = PBXGroup;
			children = (
				A6B966932B7D3AA9005E30FB /* SavedPokemon.swift */,
				A62475B22B7EECC6002731F4 /* PokemonTypes.swift */,
			);
			path = "Data models";
			sourceTree = "<group>";
		};
		A6B966952B7D3C2C005E30FB /* Managers */ = {
			isa = PBXGroup;
			children = (
				A6B966962B7D3C57005E30FB /* App.swift */,
			);
			path = Managers;
			sourceTree = "<group>";
		};
		A6D5B4012B8067A500FB41EF /* Pokedex_Tests */ = {
			isa = PBXGroup;
			children = (
				A6D5B4022B8067A500FB41EF /* Pokedex_Tests.swift */,
				A6B947642B8181EC00BC788E /* MockPokemonApiClient.swift */,
			);
			path = Pokedex_Tests;
			sourceTree = "<group>";
		};
		A6DE48AD2B7E850700F26670 /* Resources */ = {
			isa = PBXGroup;
			children = (
				A6DE48AE2B7E851C00F26670 /* Fonts */,
				A6B966262B7CFDE1005E30FB /* Assets.xcassets */,
			);
			path = Resources;
			sourceTree = "<group>";
		};
		A6DE48AE2B7E851C00F26670 /* Fonts */ = {
			isa = PBXGroup;
			children = (
				A6B768832B7E910200DA03C6 /* Swagger.ttf */,
				A6B768822B7E910100DA03C6 /* SwaggerBold.ttf */,
				A6B768812B7E90FF00DA03C6 /* SwaggerLight.ttf */,
			);
			path = Fonts;
			sourceTree = "<group>";
		};
/* End PBXGroup section */

/* Begin PBXNativeTarget section */
		A6B9661E2B7CFDE1005E30FB /* Pokedex */ = {
			isa = PBXNativeTarget;
			buildConfigurationList = A6B9662D2B7CFDE1005E30FB /* Build configuration list for PBXNativeTarget "Pokedex" */;
			buildPhases = (
				A6B9661B2B7CFDE1005E30FB /* Sources */,
				A6B9661C2B7CFDE1005E30FB /* Frameworks */,
				A6B9661D2B7CFDE1005E30FB /* Resources */,
			);
			buildRules = (
			);
			dependencies = (
			);
			name = Pokedex;
			productName = Pokedex;
			productReference = A6B9661F2B7CFDE1005E30FB /* Pokedex.app */;
			productType = "com.apple.product-type.application";
		};
		A6D5B3FF2B8067A500FB41EF /* Pokedex_Tests */ = {
			isa = PBXNativeTarget;
			buildConfigurationList = A6D5B4082B8067A500FB41EF /* Build configuration list for PBXNativeTarget "Pokedex_Tests" */;
			buildPhases = (
				A6D5B3FC2B8067A500FB41EF /* Sources */,
				A6D5B3FD2B8067A500FB41EF /* Frameworks */,
				A6D5B3FE2B8067A500FB41EF /* Resources */,
			);
			buildRules = (
			);
			dependencies = (
				A6D5B4052B8067A500FB41EF /* PBXTargetDependency */,
			);
			name = Pokedex_Tests;
			productName = Pokedex_Tests;
			productReference = A6D5B4002B8067A500FB41EF /* Pokedex_Tests.xctest */;
			productType = "com.apple.product-type.bundle.unit-test";
		};
/* End PBXNativeTarget section */

/* Begin PBXProject section */
		A6B966172B7CFDE1005E30FB /* Project object */ = {
			isa = PBXProject;
			attributes = {
				BuildIndependentTargetsInParallel = 1;
				LastSwiftUpdateCheck = 1430;
				LastUpgradeCheck = 1430;
				TargetAttributes = {
					A6B9661E2B7CFDE1005E30FB = {
						CreatedOnToolsVersion = 14.3.1;
					};
					A6D5B3FF2B8067A500FB41EF = {
						CreatedOnToolsVersion = 14.3.1;
						TestTargetID = A6B9661E2B7CFDE1005E30FB;
					};
				};
			};
			buildConfigurationList = A6B9661A2B7CFDE1005E30FB /* Build configuration list for PBXProject "Pokedex" */;
			compatibilityVersion = "Xcode 14.0";
			developmentRegion = en;
			hasScannedForEncodings = 0;
			knownRegions = (
				en,
				Base,
			);
			mainGroup = A6B966162B7CFDE1005E30FB;
			productRefGroup = A6B966202B7CFDE1005E30FB /* Products */;
			projectDirPath = "";
			projectRoot = "";
			targets = (
				A6B9661E2B7CFDE1005E30FB /* Pokedex */,
				A6D5B3FF2B8067A500FB41EF /* Pokedex_Tests */,
			);
		};
/* End PBXProject section */

/* Begin PBXResourcesBuildPhase section */
		A6B9661D2B7CFDE1005E30FB /* Resources */ = {
			isa = PBXResourcesBuildPhase;
			buildActionMask = 2147483647;
			files = (
				A6B768852B7E916900DA03C6 /* SwaggerBold.ttf in Resources */,
				A6B768882B7E9CB800DA03C6 /* Localizable.strings in Resources */,
				A6B9662A2B7CFDE1005E30FB /* Preview Assets.xcassets in Resources */,
				A6B768862B7E916B00DA03C6 /* SwaggerLight.ttf in Resources */,
				A6B966272B7CFDE1005E30FB /* Assets.xcassets in Resources */,
				A6B768842B7E916200DA03C6 /* Swagger.ttf in Resources */,
			);
			runOnlyForDeploymentPostprocessing = 0;
		};
		A6D5B3FE2B8067A500FB41EF /* Resources */ = {
			isa = PBXResourcesBuildPhase;
			buildActionMask = 2147483647;
			files = (
			);
			runOnlyForDeploymentPostprocessing = 0;
		};
/* End PBXResourcesBuildPhase section */

/* Begin PBXSourcesBuildPhase section */
		A6B9661B2B7CFDE1005E30FB /* Sources */ = {
			isa = PBXSourcesBuildPhase;
			buildActionMask = 2147483647;
			files = (
				A6B966732B7D0606005E30FB /* PokemonDetailScreen.swift in Sources */,
				A6B966942B7D3AA9005E30FB /* SavedPokemon.swift in Sources */,
				A6B9667C2B7D099C005E30FB /* ApiDecoder.swift in Sources */,
				A6B966632B7D03B9005E30FB /* PokemonDetail.swift in Sources */,
				A6B7688B2B7E9D4500DA03C6 /* Localized.swift in Sources */,
				A6B9665B2B7D03B9005E30FB /* Sprites.swift in Sources */,
				A6B966712B7D059A005E30FB /* SearchPokemonScreen.swift in Sources */,
				A6B966642B7D03B9005E30FB /* SpritGroup.swift in Sources */,
				A62475B52B7EEE9A002731F4 /* Carrousel.swift in Sources */,
				A6B966622B7D03B9005E30FB /* StatDetail.swift in Sources */,
				A6B7783D2B7FACE900907E49 /* StatView.swift in Sources */,
				A62475B32B7EECC6002731F4 /* PokemonTypes.swift in Sources */,
				A6B966762B7D08D1005E30FB /* SearchPokemonsViewModel.swift in Sources */,
				A6B947682B8182FD00BC788E /* ApiClientProtocol.swift in Sources */,
				A6B7783B2B7FA6AB00907E49 /* PokemonInfoRow.swift in Sources */,
				A6B966972B7D3C57005E30FB /* App.swift in Sources */,
				A6B778422B7FB70500907E49 /* Utils.swift in Sources */,
				A6B9666A2B7D04FC005E30FB /* HomeScreen.swift in Sources */,
				A6B9665F2B7D03B9005E30FB /* PokemonTypeListItem.swift in Sources */,
				A6B966652B7D03B9005E30FB /* Species.swift in Sources */,
				A6B966812B7D0D66005E30FB /* AsyncImageView.swift in Sources */,
				A6B966612B7D03B9005E30FB /* OtherSprites.swift in Sources */,
				A6B966792B7D08FB005E30FB /* Constants.swift in Sources */,
				A6B9665D2B7D03B9005E30FB /* AbilityListItem.swift in Sources */,
				A6B966602B7D03B9005E30FB /* PokemonListItem.swift in Sources */,
				A6B9AFF12B8012C70054C021 /* BackButton.swift in Sources */,
				A6B966702B7D059A005E30FB /* SavedPokemonsScreen.swift in Sources */,
				A6B9AFEF2B7FFD3E0054C021 /* View+Pokedex.swift in Sources */,
				A6D5B3F92B8055B100FB41EF /* ErrorAlert.swift in Sources */,
				A6B778442B7FC1C400907E49 /* PokemonAdditionalInfoView.swift in Sources */,
				A65F19B42B7D4B1C007BBE8B /* ApiEncoder.swift in Sources */,
				A65F19B22B7D4AC0007BBE8B /* UserDefaults+Pokedex.swift in Sources */,
				A62475BB2B7F061A002731F4 /* Color+Pokedex.swift in Sources */,
				A6B966842B7D0D76005E30FB /* ImageLoader.swift in Sources */,
				A6B966232B7CFDE1005E30FB /* PokedexApp.swift in Sources */,
				A62475B72B7EFF9F002731F4 /* PokemonTypesCollection.swift in Sources */,
				A6B9AFED2B7FEE6C0054C021 /* SavedPokemonRow.swift in Sources */,
				A6B966662B7D03B9005E30FB /* Stat.swift in Sources */,
				A6D5B3FB2B8058EB00FB41EF /* ErrorHandler.swift in Sources */,
				A6B966672B7D03B9005E30FB /* PokemonListResponse.swift in Sources */,
				A6B9665E2B7D03B9005E30FB /* Ability.swift in Sources */,
				A6B9476A2B81835B00BC788E /* PokemonApiClient.swift in Sources */,
				A62475B12B7EBBD1002731F4 /* PokemonRowView.swift in Sources */,
				A65F19B62B7D4B75007BBE8B /* CustomCodingKeys.swift in Sources */,
				A6B9665C2B7D03B9005E30FB /* PokemonType.swift in Sources */,
				A6B7783F2B7FB23400907E49 /* StatsViewGroup.swift in Sources */,
				A6D5B3F72B80351400FB41EF /* EmptyState.swift in Sources */,
				A6B9666D2B7D0515005E30FB /* ScreenRouter.swift in Sources */,
				A6B9667E2B7D0B8F005E30FB /* PokemonDetailViewModel.swift in Sources */,
			);
			runOnlyForDeploymentPostprocessing = 0;
		};
		A6D5B3FC2B8067A500FB41EF /* Sources */ = {
			isa = PBXSourcesBuildPhase;
			buildActionMask = 2147483647;
			files = (
				A6B947652B8181EC00BC788E /* MockPokemonApiClient.swift in Sources */,
				A6D5B4032B8067A500FB41EF /* Pokedex_Tests.swift in Sources */,
			);
			runOnlyForDeploymentPostprocessing = 0;
		};
/* End PBXSourcesBuildPhase section */

/* Begin PBXTargetDependency section */
		A6D5B4052B8067A500FB41EF /* PBXTargetDependency */ = {
			isa = PBXTargetDependency;
			target = A6B9661E2B7CFDE1005E30FB /* Pokedex */;
			targetProxy = A6D5B4042B8067A500FB41EF /* PBXContainerItemProxy */;
		};
/* End PBXTargetDependency section */

/* Begin XCBuildConfiguration section */
		A6B9662B2B7CFDE1005E30FB /* Debug */ = {
			isa = XCBuildConfiguration;
			buildSettings = {
				ALWAYS_SEARCH_USER_PATHS = NO;
				CLANG_ANALYZER_NONNULL = YES;
				CLANG_ANALYZER_NUMBER_OBJECT_CONVERSION = YES_AGGRESSIVE;
				CLANG_CXX_LANGUAGE_STANDARD = "gnu++20";
				CLANG_ENABLE_MODULES = YES;
				CLANG_ENABLE_OBJC_ARC = YES;
				CLANG_ENABLE_OBJC_WEAK = YES;
				CLANG_WARN_BLOCK_CAPTURE_AUTORELEASING = YES;
				CLANG_WARN_BOOL_CONVERSION = YES;
				CLANG_WARN_COMMA = YES;
				CLANG_WARN_CONSTANT_CONVERSION = YES;
				CLANG_WARN_DEPRECATED_OBJC_IMPLEMENTATIONS = YES;
				CLANG_WARN_DIRECT_OBJC_ISA_USAGE = YES_ERROR;
				CLANG_WARN_DOCUMENTATION_COMMENTS = YES;
				CLANG_WARN_EMPTY_BODY = YES;
				CLANG_WARN_ENUM_CONVERSION = YES;
				CLANG_WARN_INFINITE_RECURSION = YES;
				CLANG_WARN_INT_CONVERSION = YES;
				CLANG_WARN_NON_LITERAL_NULL_CONVERSION = YES;
				CLANG_WARN_OBJC_IMPLICIT_RETAIN_SELF = YES;
				CLANG_WARN_OBJC_LITERAL_CONVERSION = YES;
				CLANG_WARN_OBJC_ROOT_CLASS = YES_ERROR;
				CLANG_WARN_QUOTED_INCLUDE_IN_FRAMEWORK_HEADER = YES;
				CLANG_WARN_RANGE_LOOP_ANALYSIS = YES;
				CLANG_WARN_STRICT_PROTOTYPES = YES;
				CLANG_WARN_SUSPICIOUS_MOVE = YES;
				CLANG_WARN_UNGUARDED_AVAILABILITY = YES_AGGRESSIVE;
				CLANG_WARN_UNREACHABLE_CODE = YES;
				CLANG_WARN__DUPLICATE_METHOD_MATCH = YES;
				COPY_PHASE_STRIP = NO;
				DEBUG_INFORMATION_FORMAT = dwarf;
				ENABLE_STRICT_OBJC_MSGSEND = YES;
				ENABLE_TESTABILITY = YES;
				GCC_C_LANGUAGE_STANDARD = gnu11;
				GCC_DYNAMIC_NO_PIC = NO;
				GCC_NO_COMMON_BLOCKS = YES;
				GCC_OPTIMIZATION_LEVEL = 0;
				GCC_PREPROCESSOR_DEFINITIONS = (
					"DEBUG=1",
					"$(inherited)",
				);
				GCC_WARN_64_TO_32_BIT_CONVERSION = YES;
				GCC_WARN_ABOUT_RETURN_TYPE = YES_ERROR;
				GCC_WARN_UNDECLARED_SELECTOR = YES;
				GCC_WARN_UNINITIALIZED_AUTOS = YES_AGGRESSIVE;
				GCC_WARN_UNUSED_FUNCTION = YES;
				GCC_WARN_UNUSED_VARIABLE = YES;
				IPHONEOS_DEPLOYMENT_TARGET = 16.4;
				MTL_ENABLE_DEBUG_INFO = INCLUDE_SOURCE;
				MTL_FAST_MATH = YES;
				ONLY_ACTIVE_ARCH = YES;
				SDKROOT = iphoneos;
				SWIFT_ACTIVE_COMPILATION_CONDITIONS = DEBUG;
				SWIFT_OPTIMIZATION_LEVEL = "-Onone";
			};
			name = Debug;
		};
		A6B9662C2B7CFDE1005E30FB /* Release */ = {
			isa = XCBuildConfiguration;
			buildSettings = {
				ALWAYS_SEARCH_USER_PATHS = NO;
				CLANG_ANALYZER_NONNULL = YES;
				CLANG_ANALYZER_NUMBER_OBJECT_CONVERSION = YES_AGGRESSIVE;
				CLANG_CXX_LANGUAGE_STANDARD = "gnu++20";
				CLANG_ENABLE_MODULES = YES;
				CLANG_ENABLE_OBJC_ARC = YES;
				CLANG_ENABLE_OBJC_WEAK = YES;
				CLANG_WARN_BLOCK_CAPTURE_AUTORELEASING = YES;
				CLANG_WARN_BOOL_CONVERSION = YES;
				CLANG_WARN_COMMA = YES;
				CLANG_WARN_CONSTANT_CONVERSION = YES;
				CLANG_WARN_DEPRECATED_OBJC_IMPLEMENTATIONS = YES;
				CLANG_WARN_DIRECT_OBJC_ISA_USAGE = YES_ERROR;
				CLANG_WARN_DOCUMENTATION_COMMENTS = YES;
				CLANG_WARN_EMPTY_BODY = YES;
				CLANG_WARN_ENUM_CONVERSION = YES;
				CLANG_WARN_INFINITE_RECURSION = YES;
				CLANG_WARN_INT_CONVERSION = YES;
				CLANG_WARN_NON_LITERAL_NULL_CONVERSION = YES;
				CLANG_WARN_OBJC_IMPLICIT_RETAIN_SELF = YES;
				CLANG_WARN_OBJC_LITERAL_CONVERSION = YES;
				CLANG_WARN_OBJC_ROOT_CLASS = YES_ERROR;
				CLANG_WARN_QUOTED_INCLUDE_IN_FRAMEWORK_HEADER = YES;
				CLANG_WARN_RANGE_LOOP_ANALYSIS = YES;
				CLANG_WARN_STRICT_PROTOTYPES = YES;
				CLANG_WARN_SUSPICIOUS_MOVE = YES;
				CLANG_WARN_UNGUARDED_AVAILABILITY = YES_AGGRESSIVE;
				CLANG_WARN_UNREACHABLE_CODE = YES;
				CLANG_WARN__DUPLICATE_METHOD_MATCH = YES;
				COPY_PHASE_STRIP = NO;
				DEBUG_INFORMATION_FORMAT = "dwarf-with-dsym";
				ENABLE_NS_ASSERTIONS = NO;
				ENABLE_STRICT_OBJC_MSGSEND = YES;
				GCC_C_LANGUAGE_STANDARD = gnu11;
				GCC_NO_COMMON_BLOCKS = YES;
				GCC_WARN_64_TO_32_BIT_CONVERSION = YES;
				GCC_WARN_ABOUT_RETURN_TYPE = YES_ERROR;
				GCC_WARN_UNDECLARED_SELECTOR = YES;
				GCC_WARN_UNINITIALIZED_AUTOS = YES_AGGRESSIVE;
				GCC_WARN_UNUSED_FUNCTION = YES;
				GCC_WARN_UNUSED_VARIABLE = YES;
				IPHONEOS_DEPLOYMENT_TARGET = 16.4;
				MTL_ENABLE_DEBUG_INFO = NO;
				MTL_FAST_MATH = YES;
				SDKROOT = iphoneos;
				SWIFT_COMPILATION_MODE = wholemodule;
				SWIFT_OPTIMIZATION_LEVEL = "-O";
				VALIDATE_PRODUCT = YES;
			};
			name = Release;
		};
		A6B9662E2B7CFDE1005E30FB /* Debug */ = {
			isa = XCBuildConfiguration;
			buildSettings = {
				ASSETCATALOG_COMPILER_APPICON_NAME = AppIcon;
				ASSETCATALOG_COMPILER_GLOBAL_ACCENT_COLOR_NAME = AccentColor;
				CODE_SIGN_STYLE = Automatic;
				CURRENT_PROJECT_VERSION = 1;
				DEVELOPMENT_ASSET_PATHS = "\"Pokedex/Preview Content\"";
				ENABLE_PREVIEWS = YES;
				GENERATE_INFOPLIST_FILE = YES;
				INFOPLIST_FILE = Pokedex/Info.plist;
				INFOPLIST_KEY_UIApplicationSceneManifest_Generation = YES;
				INFOPLIST_KEY_UIApplicationSupportsIndirectInputEvents = YES;
				INFOPLIST_KEY_UILaunchScreen_Generation = YES;
				INFOPLIST_KEY_UISupportedInterfaceOrientations_iPad = "UIInterfaceOrientationPortrait UIInterfaceOrientationPortraitUpsideDown UIInterfaceOrientationLandscapeLeft UIInterfaceOrientationLandscapeRight";
				INFOPLIST_KEY_UISupportedInterfaceOrientations_iPhone = "UIInterfaceOrientationPortrait UIInterfaceOrientationLandscapeLeft UIInterfaceOrientationLandscapeRight";
				LD_RUNPATH_SEARCH_PATHS = (
					"$(inherited)",
					"@executable_path/Frameworks",
				);
				MARKETING_VERSION = 1.0;
				PRODUCT_BUNDLE_IDENTIFIER = com.pokedex.app.Pokedex;
				PRODUCT_NAME = "$(TARGET_NAME)";
				SWIFT_EMIT_LOC_STRINGS = YES;
				SWIFT_VERSION = 5.0;
				TARGETED_DEVICE_FAMILY = "1,2";
			};
			name = Debug;
		};
		A6B9662F2B7CFDE1005E30FB /* Release */ = {
			isa = XCBuildConfiguration;
			buildSettings = {
				ASSETCATALOG_COMPILER_APPICON_NAME = AppIcon;
				ASSETCATALOG_COMPILER_GLOBAL_ACCENT_COLOR_NAME = AccentColor;
				CODE_SIGN_STYLE = Automatic;
				CURRENT_PROJECT_VERSION = 1;
				DEVELOPMENT_ASSET_PATHS = "\"Pokedex/Preview Content\"";
				ENABLE_PREVIEWS = YES;
				GENERATE_INFOPLIST_FILE = YES;
				INFOPLIST_FILE = Pokedex/Info.plist;
				INFOPLIST_KEY_UIApplicationSceneManifest_Generation = YES;
				INFOPLIST_KEY_UIApplicationSupportsIndirectInputEvents = YES;
				INFOPLIST_KEY_UILaunchScreen_Generation = YES;
				INFOPLIST_KEY_UISupportedInterfaceOrientations_iPad = "UIInterfaceOrientationPortrait UIInterfaceOrientationPortraitUpsideDown UIInterfaceOrientationLandscapeLeft UIInterfaceOrientationLandscapeRight";
				INFOPLIST_KEY_UISupportedInterfaceOrientations_iPhone = "UIInterfaceOrientationPortrait UIInterfaceOrientationLandscapeLeft UIInterfaceOrientationLandscapeRight";
				LD_RUNPATH_SEARCH_PATHS = (
					"$(inherited)",
					"@executable_path/Frameworks",
				);
				MARKETING_VERSION = 1.0;
				PRODUCT_BUNDLE_IDENTIFIER = com.pokedex.app.Pokedex;
				PRODUCT_NAME = "$(TARGET_NAME)";
				SWIFT_EMIT_LOC_STRINGS = YES;
				SWIFT_VERSION = 5.0;
				TARGETED_DEVICE_FAMILY = "1,2";
			};
			name = Release;
		};
		A6D5B4062B8067A500FB41EF /* Debug */ = {
			isa = XCBuildConfiguration;
			buildSettings = {
				BUNDLE_LOADER = "$(TEST_HOST)";
				CODE_SIGN_STYLE = Automatic;
				CURRENT_PROJECT_VERSION = 1;
				GENERATE_INFOPLIST_FILE = YES;
				MARKETING_VERSION = 1.0;
				PRODUCT_BUNDLE_IDENTIFIER = "com.pokedex.app.Pokedex-Tests";
				PRODUCT_NAME = "$(TARGET_NAME)";
				SWIFT_EMIT_LOC_STRINGS = NO;
				SWIFT_VERSION = 5.0;
				TARGETED_DEVICE_FAMILY = "1,2";
				TEST_HOST = "$(BUILT_PRODUCTS_DIR)/Pokedex.app/$(BUNDLE_EXECUTABLE_FOLDER_PATH)/Pokedex";
			};
			name = Debug;
		};
		A6D5B4072B8067A500FB41EF /* Release */ = {
			isa = XCBuildConfiguration;
			buildSettings = {
				BUNDLE_LOADER = "$(TEST_HOST)";
				CODE_SIGN_STYLE = Automatic;
				CURRENT_PROJECT_VERSION = 1;
				GENERATE_INFOPLIST_FILE = YES;
				MARKETING_VERSION = 1.0;
				PRODUCT_BUNDLE_IDENTIFIER = "com.pokedex.app.Pokedex-Tests";
				PRODUCT_NAME = "$(TARGET_NAME)";
				SWIFT_EMIT_LOC_STRINGS = NO;
				SWIFT_VERSION = 5.0;
				TARGETED_DEVICE_FAMILY = "1,2";
				TEST_HOST = "$(BUILT_PRODUCTS_DIR)/Pokedex.app/$(BUNDLE_EXECUTABLE_FOLDER_PATH)/Pokedex";
			};
			name = Release;
		};
/* End XCBuildConfiguration section */

/* Begin XCConfigurationList section */
		A6B9661A2B7CFDE1005E30FB /* Build configuration list for PBXProject "Pokedex" */ = {
			isa = XCConfigurationList;
			buildConfigurations = (
				A6B9662B2B7CFDE1005E30FB /* Debug */,
				A6B9662C2B7CFDE1005E30FB /* Release */,
			);
			defaultConfigurationIsVisible = 0;
			defaultConfigurationName = Release;
		};
		A6B9662D2B7CFDE1005E30FB /* Build configuration list for PBXNativeTarget "Pokedex" */ = {
			isa = XCConfigurationList;
			buildConfigurations = (
				A6B9662E2B7CFDE1005E30FB /* Debug */,
				A6B9662F2B7CFDE1005E30FB /* Release */,
			);
			defaultConfigurationIsVisible = 0;
			defaultConfigurationName = Release;
		};
		A6D5B4082B8067A500FB41EF /* Build configuration list for PBXNativeTarget "Pokedex_Tests" */ = {
			isa = XCConfigurationList;
			buildConfigurations = (
				A6D5B4062B8067A500FB41EF /* Debug */,
				A6D5B4072B8067A500FB41EF /* Release */,
			);
			defaultConfigurationIsVisible = 0;
			defaultConfigurationName = Release;
		};
/* End XCConfigurationList section */
	};
	rootObject = A6B966172B7CFDE1005E30FB /* Project object */;
}
